
Microsoft Visual Studio Solution File, Format Version 12.00
# Visual Studio Version 17
VisualStudioVersion = 17.0.31903.59
MinimumVisualStudioVersion = 10.0.40219.1
Project("{FAE04EC0-301F-11D3-BF4B-00C04F79EFBC}") = "doanC#", "FoodStreetGuide\doanC#.csproj", "{703DA8C0-D2D9-225E-46A2-1DE6173F1F32}"
EndProject
Project("{FAE04EC0-301F-11D3-BF4B-00C04F79EFBC}") = "doanC_Admin", "doanC_Admin\doanC_Admin.csproj", "{F66FBC77-4BD5-FF75-91C5-5608C6D3B47E}"
EndProject
Global
	GlobalSection(SolutionConfigurationPlatforms) = preSolution
		Debug|Any CPU = Debug|Any CPU
		Release|Any CPU = Release|Any CPU
	EndGlobalSection
	GlobalSection(ProjectConfigurationPlatforms) = postSolution
		{703DA8C0-D2D9-225E-46A2-1DE6173F1F32}.Debug|Any CPU.ActiveCfg = Debug|Any CPU
		{703DA8C0-D2D9-225E-46A2-1DE6173F1F32}.Debug|Any CPU.Build.0 = Debug|Any CPU
		{703DA8C0-D2D9-225E-46A2-1DE6173F1F32}.Debug|Any CPU.Deploy.0 = Debug|Any CPU
		{703DA8C0-D2D9-225E-46A2-1DE6173F1F32}.Release|Any CPU.ActiveCfg = Release|Any CPU
		{703DA8C0-D2D9-225E-46A2-1DE6173F1F32}.Release|Any CPU.Build.0 = Release|Any CPU
		{F66FBC77-4BD5-FF75-91C5-5608C6D3B47E}.Debug|Any CPU.ActiveCfg = Debug|Any CPU
		{F66FBC77-4BD5-FF75-91C5-5608C6D3B47E}.Debug|Any CPU.Build.0 = Debug|Any CPU
		{F66FBC77-4BD5-FF75-91C5-5608C6D3B47E}.Release|Any CPU.ActiveCfg = Release|Any CPU
		{F66FBC77-4BD5-FF75-91C5-5608C6D3B47E}.Release|Any CPU.Build.0 = Release|Any CPU
	EndGlobalSection
	GlobalSection(SolutionProperties) = preSolution
		HideSolutionNode = FALSE
	EndGlobalSection
	GlobalSection(ExtensibilityGlobals) = postSolution
		SolutionGuid = {8D4CDA30-10F1-42CD-A3AD-D93DD39383A9}
	EndGlobalSection
EndGlobal
